{
    "_readme": [
        "This file locks the dependencies of your project to a known state",
        "Read more about it at http://getcomposer.org/doc/01-basic-usage.md#composer-lock-the-lock-file"
    ],
    "hash": "d3487824f42f62c07a1d1fe4e1eff71b",
    "packages": [
        {
            "name": "jalle19/php-yui-compressor",
            "version": "dev-master",
            "source": {
                "type": "git",
                "url": "https://github.com/Jalle19/php-yui-compressor.git",
                "reference": "4bc581a85431d1bdce35e4fc38eff8de1ae0a59d"
            },
            "dist": {
                "type": "zip",
                "url": "https://api.github.com/repos/Jalle19/php-yui-compressor/zipball/4bc581a85431d1bdce35e4fc38eff8de1ae0a59d",
                "reference": "4bc581a85431d1bdce35e4fc38eff8de1ae0a59d",
                "shasum": ""
            },
            "require": {
                "nervo/yuicompressor": "dev-master",
                "php": ">=5.3.0"
            },
            "type": "library",
            "autoload": {
                "psr-0": {
                    "YUI": "lib/"
                }
            },
            "notification-url": "https://packagist.org/downloads/",
            "license": [
                "BSD-2-Clause"
            ],
            "description": "A modern PHP wrapper for the YUI compressor",
            "homepage": "https://github.com/Jalle19/php-yui-compressor",
            "keywords": [
                "JS",
                "css",
                "minify",
                "yui"
            ],
            "time": "2013-07-03 20:32:38"
        },
        {
            "name": "nervo/yuicompressor",
            "version": "dev-master",
            "source": {
                "type": "git",
                "url": "https://github.com/nervo/yuicompressor.git",
                "reference": "2.4.7"
            },
            "dist": {
                "type": "zip",
                "url": "https://api.github.com/repos/nervo/yuicompressor/zipball/2.4.7",
                "reference": "2.4.7",
                "shasum": ""
            },
            "type": "library",
            "notification-url": "https://packagist.org/downloads/",
            "license": [
                "BSD"
            ],
            "description": "YUI Compressor is an open source tool that supports the compression of both JavaScript and CSS files. The JavaScript compression removes comments and white-spaces as well as obfuscates local variables using the smallest possible variable name. CSS compression is done using a regular-expression-based CSS minifier.",
            "homepage": "https://github.com/yui/yuicompressor",
            "keywords": [
                "java",
                "yui"
            ],
            "time": "2012-05-12 08:31:30"
        }
    ],
    "packages-dev": [

    ],
    "aliases": [

    ],
    "minimum-stability": "dev",
    "stability-flags": {
        "jalle19/php-yui-compressor": 20
    },
    "platform": {
        "php": ">=5.3.0"
    },
    "platform-dev": [

    ]
}
